
Microsoft Visual Studio Solution File, Format Version 12.00
# Visual Studio 15
VisualStudioVersion = 15.0.27703.2026
MinimumVisualStudioVersion = 10.0.40219.1
Project("{FAE04EC0-301F-11D3-BF4B-00C04F79EFBC}") = "EncryptingData", "EncryptingData\EncryptingData.csproj", "{86177428-8773-4265-B3B7-3BDC3F346F3C}"
EndProject
Global
	GlobalSection(SolutionConfigurationPlatforms) = preSolution
		Debug|Any CPU = Debug|Any CPU
		Release|Any CPU = Release|Any CPU
	EndGlobalSection
	GlobalSection(ProjectConfigurationPlatforms) = postSolution
		{86177428-8773-4265-B3B7-3BDC3F346F3C}.Debug|Any CPU.ActiveCfg = Debug|Any CPU
		{86177428-8773-4265-B3B7-3BDC3F346F3C}.Debug|Any CPU.Build.0 = Debug|Any CPU
		{86177428-8773-4265-B3B7-3BDC3F346F3C}.Release|Any CPU.ActiveCfg = Release|Any CPU
		{86177428-8773-4265-B3B7-3BDC3F346F3C}.Release|Any CPU.Build.0 = Release|Any CPU
	EndGlobalSection
	GlobalSection(SolutionProperties) = preSolution
		HideSolutionNode = FALSE
	EndGlobalSection
	GlobalSection(ExtensibilityGlobals) = postSolution
		SolutionGuid = {C01F13B5-BE72-4534-BCC7-0D2958225EC9}
	EndGlobalSection
EndGlobal
